
Microsoft Visual Studio Solution File, Format Version 12.00
# Visual Studio Version 16
VisualStudioVersion = 16.0.30309.148
MinimumVisualStudioVersion = 10.0.40219.1
Project("{FAE04EC0-301F-11D3-BF4B-00C04F79EFBC}") = "EventPlus", "EventPlus\EventPlus.csproj", "{03637654-8965-4847-92DC-DFB3665DB3B6}"
EndProject
Global
	GlobalSection(SolutionConfigurationPlatforms) = preSolution
		Debug|Any CPU = Debug|Any CPU
		Release|Any CPU = Release|Any CPU
	EndGlobalSection
	GlobalSection(ProjectConfigurationPlatforms) = postSolution
		{03637654-8965-4847-92DC-DFB3665DB3B6}.Debug|Any CPU.ActiveCfg = Debug|Any CPU
		{03637654-8965-4847-92DC-DFB3665DB3B6}.Debug|Any CPU.Build.0 = Debug|Any CPU
		{03637654-8965-4847-92DC-DFB3665DB3B6}.Release|Any CPU.ActiveCfg = Release|Any CPU
		{03637654-8965-4847-92DC-DFB3665DB3B6}.Release|Any CPU.Build.0 = Release|Any CPU
	EndGlobalSection
	GlobalSection(SolutionProperties) = preSolution
		HideSolutionNode = FALSE
	EndGlobalSection
	GlobalSection(ExtensibilityGlobals) = postSolution
		SolutionGuid = {C75641A5-8C28-4F13-836D-88770145B5E8}
	EndGlobalSection
EndGlobal
